// !$*UTF8*$!
{
	archiveVersion = 1;
	classes = {
	};
	objectVersion = 56;
	objects = {

/* Begin PBXBuildFile section */
		6E1B01CD2A0A3E60001C989D /* AppDelegate.swift in Sources */ = {isa = PBXBuildFile; fileRef = 6E1B01CC2A0A3E60001C989D /* AppDelegate.swift */; };
		6E1B01CF2A0A3E60001C989D /* SceneDelegate.swift in Sources */ = {isa = PBXBuildFile; fileRef = 6E1B01CE2A0A3E60001C989D /* SceneDelegate.swift */; };
		6E1B01D62A0A3E61001C989D /* Assets.xcassets in Resources */ = {isa = PBXBuildFile; fileRef = 6E1B01D52A0A3E61001C989D /* Assets.xcassets */; };
		6E1B01D92A0A3E61001C989D /* LaunchScreen.storyboard in Resources */ = {isa = PBXBuildFile; fileRef = 6E1B01D72A0A3E61001C989D /* LaunchScreen.storyboard */; };
		6E1B01E22A0A3EC5001C989D /* Kingfisher in Frameworks */ = {isa = PBXBuildFile; productRef = 6E1B01E12A0A3EC5001C989D /* Kingfisher */; };
		6E1B01E52A0A3ED1001C989D /* IQKeyboardManagerSwift in Frameworks */ = {isa = PBXBuildFile; productRef = 6E1B01E42A0A3ED1001C989D /* IQKeyboardManagerSwift */; };
		6E1B01E82A0A3EDF001C989D /* SnapKit in Frameworks */ = {isa = PBXBuildFile; productRef = 6E1B01E72A0A3EDF001C989D /* SnapKit */; };
		6E1B01ED2A0A3FAC001C989D /* FirstViewController.swift in Sources */ = {isa = PBXBuildFile; fileRef = 6E1B01EC2A0A3FAC001C989D /* FirstViewController.swift */; };
		6E1B01EF2A0A40DD001C989D /* TabBarViewController.swift in Sources */ = {isa = PBXBuildFile; fileRef = 6E1B01EE2A0A40DD001C989D /* TabBarViewController.swift */; };
		6E1B01F12A0A4336001C989D /* FavoriteViewController.swift in Sources */ = {isa = PBXBuildFile; fileRef = 6E1B01F02A0A4336001C989D /* FavoriteViewController.swift */; };
		6E1B01F32A0A4354001C989D /* CartViewController.swift in Sources */ = {isa = PBXBuildFile; fileRef = 6E1B01F22A0A4354001C989D /* CartViewController.swift */; };
		6E1B01F52A0A4361001C989D /* OrdersViewController.swift in Sources */ = {isa = PBXBuildFile; fileRef = 6E1B01F42A0A4360001C989D /* OrdersViewController.swift */; };
		6E1B01F72A0C0C10001C989D /* Food.swift in Sources */ = {isa = PBXBuildFile; fileRef = 6E1B01F62A0C0C10001C989D /* Food.swift */; };
		6E1B01F92A0CD3EF001C989D /* DetailViewController.swift in Sources */ = {isa = PBXBuildFile; fileRef = 6E1B01F82A0CD3EE001C989D /* DetailViewController.swift */; };
		6E1B01FC2A0CD6E0001C989D /* CustomCollectionViewCell.swift in Sources */ = {isa = PBXBuildFile; fileRef = 6E1B01FB2A0CD6E0001C989D /* CustomCollectionViewCell.swift */; };
		6E1B01FF2A0CD720001C989D /* CustomTableViewCell.swift in Sources */ = {isa = PBXBuildFile; fileRef = 6E1B01FE2A0CD720001C989D /* CustomTableViewCell.swift */; };
/* End PBXBuildFile section */

/* Begin PBXFileReference section */
		6E1B01C92A0A3E60001C989D /* finalTest3month.app */ = {isa = PBXFileReference; explicitFileType = wrapper.application; includeInIndex = 0; path = finalTest3month.app; sourceTree = BUILT_PRODUCTS_DIR; };
		6E1B01CC2A0A3E60001C989D /* AppDelegate.swift */ = {isa = PBXFileReference; lastKnownFileType = sourcecode.swift; path = AppDelegate.swift; sourceTree = "<group>"; };
		6E1B01CE2A0A3E60001C989D /* SceneDelegate.swift */ = {isa = PBXFileReference; lastKnownFileType = sourcecode.swift; path = SceneDelegate.swift; sourceTree = "<group>"; };
		6E1B01D52A0A3E61001C989D /* Assets.xcassets */ = {isa = PBXFileReference; lastKnownFileType = folder.assetcatalog; path = Assets.xcassets; sourceTree = "<group>"; };
		6E1B01D82A0A3E61001C989D /* Base */ = {isa = PBXFileReference; lastKnownFileType = file.storyboard; name = Base; path = Base.lproj/LaunchScreen.storyboard; sourceTree = "<group>"; };
		6E1B01DA2A0A3E61001C989D /* Info.plist */ = {isa = PBXFileReference; lastKnownFileType = text.plist.xml; path = Info.plist; sourceTree = "<group>"; };
		6E1B01EC2A0A3FAC001C989D /* FirstViewController.swift */ = {isa = PBXFileReference; lastKnownFileType = sourcecode.swift; path = FirstViewController.swift; sourceTree = "<group>"; };
		6E1B01EE2A0A40DD001C989D /* TabBarViewController.swift */ = {isa = PBXFileReference; lastKnownFileType = sourcecode.swift; path = TabBarViewController.swift; sourceTree = "<group>"; };
		6E1B01F02A0A4336001C989D /* FavoriteViewController.swift */ = {isa = PBXFileReference; lastKnownFileType = sourcecode.swift; path = FavoriteViewController.swift; sourceTree = "<group>"; };
		6E1B01F22A0A4354001C989D /* CartViewController.swift */ = {isa = PBXFileReference; lastKnownFileType = sourcecode.swift; path = CartViewController.swift; sourceTree = "<group>"; };
		6E1B01F42A0A4360001C989D /* OrdersViewController.swift */ = {isa = PBXFileReference; lastKnownFileType = sourcecode.swift; path = OrdersViewController.swift; sourceTree = "<group>"; };
		6E1B01F62A0C0C10001C989D /* Food.swift */ = {isa = PBXFileReference; lastKnownFileType = sourcecode.swift; path = Food.swift; sourceTree = "<group>"; };
		6E1B01F82A0CD3EE001C989D /* DetailViewController.swift */ = {isa = PBXFileReference; lastKnownFileType = sourcecode.swift; path = DetailViewController.swift; sourceTree = "<group>"; };
		6E1B01FB2A0CD6E0001C989D /* CustomCollectionViewCell.swift */ = {isa = PBXFileReference; lastKnownFileType = sourcecode.swift; path = CustomCollectionViewCell.swift; sourceTree = "<group>"; };
		6E1B01FE2A0CD720001C989D /* CustomTableViewCell.swift */ = {isa = PBXFileReference; lastKnownFileType = sourcecode.swift; path = CustomTableViewCell.swift; sourceTree = "<group>"; };
/* End PBXFileReference section */

/* Begin PBXFrameworksBuildPhase section */
		6E1B01C62A0A3E60001C989D /* Frameworks */ = {
			isa = PBXFrameworksBuildPhase;
			buildActionMask = 2147483647;
			files = (
				6E1B01E82A0A3EDF001C989D /* SnapKit in Frameworks */,
				6E1B01E22A0A3EC5001C989D /* Kingfisher in Frameworks */,
				6E1B01E52A0A3ED1001C989D /* IQKeyboardManagerSwift in Frameworks */,
			);
			runOnlyForDeploymentPostprocessing = 0;
		};
/* End PBXFrameworksBuildPhase section */

/* Begin PBXGroup section */
		6E1B01C02A0A3E60001C989D = {
			isa = PBXGroup;
			children = (
				6E1B01CB2A0A3E60001C989D /* finalTest3month */,
				6E1B01CA2A0A3E60001C989D /* Products */,
			);
			sourceTree = "<group>";
		};
		6E1B01CA2A0A3E60001C989D /* Products */ = {
			isa = PBXGroup;
			children = (
				6E1B01C92A0A3E60001C989D /* finalTest3month.app */,
			);
			name = Products;
			sourceTree = "<group>";
		};
		6E1B01CB2A0A3E60001C989D /* finalTest3month */ = {
			isa = PBXGroup;
			children = (
				6E1B02002A0CD8C0001C989D /* Structures */,
				6E1B01FA2A0CD6BF001C989D /* Cell */,
				6E1B01EB2A0A3F14001C989D /* Resourse  */,
				6E1B01EA2A0A3EFE001C989D /* Controllers  */,
				6E1B01E92A0A3EE7001C989D /* Delegate  */,
				6E1B01D72A0A3E61001C989D /* LaunchScreen.storyboard */,
				6E1B01DA2A0A3E61001C989D /* Info.plist */,
			);
			path = finalTest3month;
			sourceTree = "<group>";
		};
		6E1B01E92A0A3EE7001C989D /* Delegate  */ = {
			isa = PBXGroup;
			children = (
				6E1B01CC2A0A3E60001C989D /* AppDelegate.swift */,
				6E1B01CE2A0A3E60001C989D /* SceneDelegate.swift */,
			);
			path = "Delegate ";
			sourceTree = "<group>";
		};
		6E1B01EA2A0A3EFE001C989D /* Controllers  */ = {
			isa = PBXGroup;
			children = (
				6E1B01EE2A0A40DD001C989D /* TabBarViewController.swift */,
				6E1B01EC2A0A3FAC001C989D /* FirstViewController.swift */,
				6E1B01F82A0CD3EE001C989D /* DetailViewController.swift */,
				6E1B01F02A0A4336001C989D /* FavoriteViewController.swift */,
				6E1B01F22A0A4354001C989D /* CartViewController.swift */,
				6E1B01F42A0A4360001C989D /* OrdersViewController.swift */,
			);
			path = "Controllers ";
			sourceTree = "<group>";
		};
		6E1B01EB2A0A3F14001C989D /* Resourse  */ = {
			isa = PBXGroup;
			children = (
				6E1B01D52A0A3E61001C989D /* Assets.xcassets */,
			);
			path = "Resourse ";
			sourceTree = "<group>";
		};
		6E1B01FA2A0CD6BF001C989D /* Cell */ = {
			isa = PBXGroup;
			children = (
				6E1B01FB2A0CD6E0001C989D /* CustomCollectionViewCell.swift */,
				6E1B01FE2A0CD720001C989D /* CustomTableViewCell.swift */,
			);
			path = Cell;
			sourceTree = "<group>";
		};
		6E1B02002A0CD8C0001C989D /* Structures */ = {
			isa = PBXGroup;
			children = (
				6E1B01F62A0C0C10001C989D /* Food.swift */,
			);
			path = Structures;
			sourceTree = "<group>";
		};
/* End PBXGroup section */

/* Begin PBXNativeTarget section */
		6E1B01C82A0A3E60001C989D /* finalTest3month */ = {
			isa = PBXNativeTarget;
			buildConfigurationList = 6E1B01DD2A0A3E61001C989D /* Build configuration list for PBXNativeTarget "finalTest3month" */;
			buildPhases = (
				6E1B01C52A0A3E60001C989D /* Sources */,
				6E1B01C62A0A3E60001C989D /* Frameworks */,
				6E1B01C72A0A3E60001C989D /* Resources */,
			);
			buildRules = (
			);
			dependencies = (
			);
			name = finalTest3month;
			packageProductDependencies = (
				6E1B01E12A0A3EC5001C989D /* Kingfisher */,
				6E1B01E42A0A3ED1001C989D /* IQKeyboardManagerSwift */,
				6E1B01E72A0A3EDF001C989D /* SnapKit */,
			);
			productName = finalTest3month;
			productReference = 6E1B01C92A0A3E60001C989D /* finalTest3month.app */;
			productType = "com.apple.product-type.application";
		};
/* End PBXNativeTarget section */

/* Begin PBXProject section */
		6E1B01C12A0A3E60001C989D /* Project object */ = {
			isa = PBXProject;
			attributes = {
				BuildIndependentTargetsInParallel = 1;
				LastSwiftUpdateCheck = 1400;
				LastUpgradeCheck = 1400;
				TargetAttributes = {
					6E1B01C82A0A3E60001C989D = {
						CreatedOnToolsVersion = 14.0;
					};
				};
			};
			buildConfigurationList = 6E1B01C42A0A3E60001C989D /* Build configuration list for PBXProject "finalTest3month" */;
			compatibilityVersion = "Xcode 14.0";
			developmentRegion = en;
			hasScannedForEncodings = 0;
			knownRegions = (
				en,
				Base,
			);
			mainGroup = 6E1B01C02A0A3E60001C989D;
			packageReferences = (
				6E1B01E02A0A3EC5001C989D /* XCRemoteSwiftPackageReference "Kingfisher" */,
				6E1B01E32A0A3ED1001C989D /* XCRemoteSwiftPackageReference "IQKeyboardManager" */,
				6E1B01E62A0A3EDF001C989D /* XCRemoteSwiftPackageReference "SnapKit" */,
			);
			productRefGroup = 6E1B01CA2A0A3E60001C989D /* Products */;
			projectDirPath = "";
			projectRoot = "";
			targets = (
				6E1B01C82A0A3E60001C989D /* finalTest3month */,
			);
		};
/* End PBXProject section */

/* Begin PBXResourcesBuildPhase section */
		6E1B01C72A0A3E60001C989D /* Resources */ = {
			isa = PBXResourcesBuildPhase;
			buildActionMask = 2147483647;
			files = (
				6E1B01D92A0A3E61001C989D /* LaunchScreen.storyboard in Resources */,
				6E1B01D62A0A3E61001C989D /* Assets.xcassets in Resources */,
			);
			runOnlyForDeploymentPostprocessing = 0;
		};
/* End PBXResourcesBuildPhase section */

/* Begin PBXSourcesBuildPhase section */
		6E1B01C52A0A3E60001C989D /* Sources */ = {
			isa = PBXSourcesBuildPhase;
			buildActionMask = 2147483647;
			files = (
				6E1B01F92A0CD3EF001C989D /* DetailViewController.swift in Sources */,
				6E1B01FC2A0CD6E0001C989D /* CustomCollectionViewCell.swift in Sources */,
				6E1B01FF2A0CD720001C989D /* CustomTableViewCell.swift in Sources */,
				6E1B01EF2A0A40DD001C989D /* TabBarViewController.swift in Sources */,
				6E1B01ED2A0A3FAC001C989D /* FirstViewController.swift in Sources */,
				6E1B01CD2A0A3E60001C989D /* AppDelegate.swift in Sources */,
				6E1B01F52A0A4361001C989D /* OrdersViewController.swift in Sources */,
				6E1B01CF2A0A3E60001C989D /* SceneDelegate.swift in Sources */,
				6E1B01F72A0C0C10001C989D /* Food.swift in Sources */,
				6E1B01F32A0A4354001C989D /* CartViewController.swift in Sources */,
				6E1B01F12A0A4336001C989D /* FavoriteViewController.swift in Sources */,
			);
			runOnlyForDeploymentPostprocessing = 0;
		};
/* End PBXSourcesBuildPhase section */

/* Begin PBXVariantGroup section */
		6E1B01D72A0A3E61001C989D /* LaunchScreen.storyboard */ = {
			isa = PBXVariantGroup;
			children = (
				6E1B01D82A0A3E61001C989D /* Base */,
			);
			name = LaunchScreen.storyboard;
			sourceTree = "<group>";
		};
/* End PBXVariantGroup section */

/* Begin XCBuildConfiguration section */
		6E1B01DB2A0A3E61001C989D /* Debug */ = {
			isa = XCBuildConfiguration;
			buildSettings = {
				ALWAYS_SEARCH_USER_PATHS = NO;
				CLANG_ANALYZER_NONNULL = YES;
				CLANG_ANALYZER_NUMBER_OBJECT_CONVERSION = YES_AGGRESSIVE;
				CLANG_CXX_LANGUAGE_STANDARD = "gnu++20";
				CLANG_ENABLE_MODULES = YES;
				CLANG_ENABLE_OBJC_ARC = YES;
				CLANG_ENABLE_OBJC_WEAK = YES;
				CLANG_WARN_BLOCK_CAPTURE_AUTORELEASING = YES;
				CLANG_WARN_BOOL_CONVERSION = YES;
				CLANG_WARN_COMMA = YES;
				CLANG_WARN_CONSTANT_CONVERSION = YES;
				CLANG_WARN_DEPRECATED_OBJC_IMPLEMENTATIONS = YES;
				CLANG_WARN_DIRECT_OBJC_ISA_USAGE = YES_ERROR;
				CLANG_WARN_DOCUMENTATION_COMMENTS = YES;
				CLANG_WARN_EMPTY_BODY = YES;
				CLANG_WARN_ENUM_CONVERSION = YES;
				CLANG_WARN_INFINITE_RECURSION = YES;
				CLANG_WARN_INT_CONVERSION = YES;
				CLANG_WARN_NON_LITERAL_NULL_CONVERSION = YES;
				CLANG_WARN_OBJC_IMPLICIT_RETAIN_SELF = YES;
				CLANG_WARN_OBJC_LITERAL_CONVERSION = YES;
				CLANG_WARN_OBJC_ROOT_CLASS = YES_ERROR;
				CLANG_WARN_QUOTED_INCLUDE_IN_FRAMEWORK_HEADER = YES;
				CLANG_WARN_RANGE_LOOP_ANALYSIS = YES;
				CLANG_WARN_STRICT_PROTOTYPES = YES;
				CLANG_WARN_SUSPICIOUS_MOVE = YES;
				CLANG_WARN_UNGUARDED_AVAILABILITY = YES_AGGRESSIVE;
				CLANG_WARN_UNREACHABLE_CODE = YES;
				CLANG_WARN__DUPLICATE_METHOD_MATCH = YES;
				COPY_PHASE_STRIP = NO;
				DEBUG_INFORMATION_FORMAT = dwarf;
				ENABLE_STRICT_OBJC_MSGSEND = YES;
				ENABLE_TESTABILITY = YES;
				GCC_C_LANGUAGE_STANDARD = gnu11;
				GCC_DYNAMIC_NO_PIC = NO;
				GCC_NO_COMMON_BLOCKS = YES;
				GCC_OPTIMIZATION_LEVEL = 0;
				GCC_PREPROCESSOR_DEFINITIONS = (
					"DEBUG=1",
					"$(inherited)",
				);
				GCC_WARN_64_TO_32_BIT_CONVERSION = YES;
				GCC_WARN_ABOUT_RETURN_TYPE = YES_ERROR;
				GCC_WARN_UNDECLARED_SELECTOR = YES;
				GCC_WARN_UNINITIALIZED_AUTOS = YES_AGGRESSIVE;
				GCC_WARN_UNUSED_FUNCTION = YES;
				GCC_WARN_UNUSED_VARIABLE = YES;
				IPHONEOS_DEPLOYMENT_TARGET = 16.0;
				MTL_ENABLE_DEBUG_INFO = INCLUDE_SOURCE;
				MTL_FAST_MATH = YES;
				ONLY_ACTIVE_ARCH = YES;
				SDKROOT = iphoneos;
				SWIFT_ACTIVE_COMPILATION_CONDITIONS = DEBUG;
				SWIFT_OPTIMIZATION_LEVEL = "-Onone";
			};
			name = Debug;
		};
		6E1B01DC2A0A3E61001C989D /* Release */ = {
			isa = XCBuildConfiguration;
			buildSettings = {
				ALWAYS_SEARCH_USER_PATHS = NO;
				CLANG_ANALYZER_NONNULL = YES;
				CLANG_ANALYZER_NUMBER_OBJECT_CONVERSION = YES_AGGRESSIVE;
				CLANG_CXX_LANGUAGE_STANDARD = "gnu++20";
				CLANG_ENABLE_MODULES = YES;
				CLANG_ENABLE_OBJC_ARC = YES;
				CLANG_ENABLE_OBJC_WEAK = YES;
				CLANG_WARN_BLOCK_CAPTURE_AUTORELEASING = YES;
				CLANG_WARN_BOOL_CONVERSION = YES;
				CLANG_WARN_COMMA = YES;
				CLANG_WARN_CONSTANT_CONVERSION = YES;
				CLANG_WARN_DEPRECATED_OBJC_IMPLEMENTATIONS = YES;
				CLANG_WARN_DIRECT_OBJC_ISA_USAGE = YES_ERROR;
				CLANG_WARN_DOCUMENTATION_COMMENTS = YES;
				CLANG_WARN_EMPTY_BODY = YES;
				CLANG_WARN_ENUM_CONVERSION = YES;
				CLANG_WARN_INFINITE_RECURSION = YES;
				CLANG_WARN_INT_CONVERSION = YES;
				CLANG_WARN_NON_LITERAL_NULL_CONVERSION = YES;
				CLANG_WARN_OBJC_IMPLICIT_RETAIN_SELF = YES;
				CLANG_WARN_OBJC_LITERAL_CONVERSION = YES;
				CLANG_WARN_OBJC_ROOT_CLASS = YES_ERROR;
				CLANG_WARN_QUOTED_INCLUDE_IN_FRAMEWORK_HEADER = YES;
				CLANG_WARN_RANGE_LOOP_ANALYSIS = YES;
				CLANG_WARN_STRICT_PROTOTYPES = YES;
				CLANG_WARN_SUSPICIOUS_MOVE = YES;
				CLANG_WARN_UNGUARDED_AVAILABILITY = YES_AGGRESSIVE;
				CLANG_WARN_UNREACHABLE_CODE = YES;
				CLANG_WARN__DUPLICATE_METHOD_MATCH = YES;
				COPY_PHASE_STRIP = NO;
				DEBUG_INFORMATION_FORMAT = "dwarf-with-dsym";
				ENABLE_NS_ASSERTIONS = NO;
				ENABLE_STRICT_OBJC_MSGSEND = YES;
				GCC_C_LANGUAGE_STANDARD = gnu11;
				GCC_NO_COMMON_BLOCKS = YES;
				GCC_WARN_64_TO_32_BIT_CONVERSION = YES;
				GCC_WARN_ABOUT_RETURN_TYPE = YES_ERROR;
				GCC_WARN_UNDECLARED_SELECTOR = YES;
				GCC_WARN_UNINITIALIZED_AUTOS = YES_AGGRESSIVE;
				GCC_WARN_UNUSED_FUNCTION = YES;
				GCC_WARN_UNUSED_VARIABLE = YES;
				IPHONEOS_DEPLOYMENT_TARGET = 16.0;
				MTL_ENABLE_DEBUG_INFO = NO;
				MTL_FAST_MATH = YES;
				SDKROOT = iphoneos;
				SWIFT_COMPILATION_MODE = wholemodule;
				SWIFT_OPTIMIZATION_LEVEL = "-O";
				VALIDATE_PRODUCT = YES;
			};
			name = Release;
		};
		6E1B01DE2A0A3E61001C989D /* Debug */ = {
			isa = XCBuildConfiguration;
			buildSettings = {
				ASSETCATALOG_COMPILER_APPICON_NAME = AppIcon;
				ASSETCATALOG_COMPILER_GLOBAL_ACCENT_COLOR_NAME = AccentColor;
				CODE_SIGN_STYLE = Automatic;
				CURRENT_PROJECT_VERSION = 1;
				GENERATE_INFOPLIST_FILE = YES;
				INFOPLIST_FILE = finalTest3month/Info.plist;
				INFOPLIST_KEY_UIApplicationSupportsIndirectInputEvents = YES;
				INFOPLIST_KEY_UILaunchStoryboardName = LaunchScreen;
				INFOPLIST_KEY_UISupportedInterfaceOrientations_iPad = "UIInterfaceOrientationPortrait UIInterfaceOrientationPortraitUpsideDown UIInterfaceOrientationLandscapeLeft UIInterfaceOrientationLandscapeRight";
				INFOPLIST_KEY_UISupportedInterfaceOrientations_iPhone = "UIInterfaceOrientationPortrait UIInterfaceOrientationLandscapeLeft UIInterfaceOrientationLandscapeRight";
				LD_RUNPATH_SEARCH_PATHS = (
					"$(inherited)",
					"@executable_path/Frameworks",
				);
				MARKETING_VERSION = 1.0;
				PRODUCT_BUNDLE_IDENTIFIER = "latte-art.finalTest3month";
				PRODUCT_NAME = "$(TARGET_NAME)";
				SWIFT_EMIT_LOC_STRINGS = YES;
				SWIFT_VERSION = 5.0;
				TARGETED_DEVICE_FAMILY = "1,2";
			};
			name = Debug;
		};
		6E1B01DF2A0A3E61001C989D /* Release */ = {
			isa = XCBuildConfiguration;
			buildSettings = {
				ASSETCATALOG_COMPILER_APPICON_NAME = AppIcon;
				ASSETCATALOG_COMPILER_GLOBAL_ACCENT_COLOR_NAME = AccentColor;
				CODE_SIGN_STYLE = Automatic;
				CURRENT_PROJECT_VERSION = 1;
				GENERATE_INFOPLIST_FILE = YES;
				INFOPLIST_FILE = finalTest3month/Info.plist;
				INFOPLIST_KEY_UIApplicationSupportsIndirectInputEvents = YES;
				INFOPLIST_KEY_UILaunchStoryboardName = LaunchScreen;
				INFOPLIST_KEY_UISupportedInterfaceOrientations_iPad = "UIInterfaceOrientationPortrait UIInterfaceOrientationPortraitUpsideDown UIInterfaceOrientationLandscapeLeft UIInterfaceOrientationLandscapeRight";
				INFOPLIST_KEY_UISupportedInterfaceOrientations_iPhone = "UIInterfaceOrientationPortrait UIInterfaceOrientationLandscapeLeft UIInterfaceOrientationLandscapeRight";
				LD_RUNPATH_SEARCH_PATHS = (
					"$(inherited)",
					"@executable_path/Frameworks",
				);
				MARKETING_VERSION = 1.0;
				PRODUCT_BUNDLE_IDENTIFIER = "latte-art.finalTest3month";
				PRODUCT_NAME = "$(TARGET_NAME)";
				SWIFT_EMIT_LOC_STRINGS = YES;
				SWIFT_VERSION = 5.0;
				TARGETED_DEVICE_FAMILY = "1,2";
			};
			name = Release;
		};
/* End XCBuildConfiguration section */

/* Begin XCConfigurationList section */
		6E1B01C42A0A3E60001C989D /* Build configuration list for PBXProject "finalTest3month" */ = {
			isa = XCConfigurationList;
			buildConfigurations = (
				6E1B01DB2A0A3E61001C989D /* Debug */,
				6E1B01DC2A0A3E61001C989D /* Release */,
			);
			defaultConfigurationIsVisible = 0;
			defaultConfigurationName = Release;
		};
		6E1B01DD2A0A3E61001C989D /* Build configuration list for PBXNativeTarget "finalTest3month" */ = {
			isa = XCConfigurationList;
			buildConfigurations = (
				6E1B01DE2A0A3E61001C989D /* Debug */,
				6E1B01DF2A0A3E61001C989D /* Release */,
			);
			defaultConfigurationIsVisible = 0;
			defaultConfigurationName = Release;
		};
/* End XCConfigurationList section */

/* Begin XCRemoteSwiftPackageReference section */
		6E1B01E02A0A3EC5001C989D /* XCRemoteSwiftPackageReference "Kingfisher" */ = {
			isa = XCRemoteSwiftPackageReference;
			repositoryURL = "https://github.com/onevcat/Kingfisher.git";
			requirement = {
				branch = master;
				kind = branch;
			};
		};
		6E1B01E32A0A3ED1001C989D /* XCRemoteSwiftPackageReference "IQKeyboardManager" */ = {
			isa = XCRemoteSwiftPackageReference;
			repositoryURL = "https://github.com/hackiftekhar/IQKeyboardManager.git";
			requirement = {
				branch = master;
				kind = branch;
			};
		};
		6E1B01E62A0A3EDF001C989D /* XCRemoteSwiftPackageReference "SnapKit" */ = {
			isa = XCRemoteSwiftPackageReference;
			repositoryURL = "https://github.com/SnapKit/SnapKit.git";
			requirement = {
				branch = develop;
				kind = branch;
			};
		};
/* End XCRemoteSwiftPackageReference section */

/* Begin XCSwiftPackageProductDependency section */
		6E1B01E12A0A3EC5001C989D /* Kingfisher */ = {
			isa = XCSwiftPackageProductDependency;
			package = 6E1B01E02A0A3EC5001C989D /* XCRemoteSwiftPackageReference "Kingfisher" */;
			productName = Kingfisher;
		};
		6E1B01E42A0A3ED1001C989D /* IQKeyboardManagerSwift */ = {
			isa = XCSwiftPackageProductDependency;
			package = 6E1B01E32A0A3ED1001C989D /* XCRemoteSwiftPackageReference "IQKeyboardManager" */;
			productName = IQKeyboardManagerSwift;
		};
		6E1B01E72A0A3EDF001C989D /* SnapKit */ = {
			isa = XCSwiftPackageProductDependency;
			package = 6E1B01E62A0A3EDF001C989D /* XCRemoteSwiftPackageReference "SnapKit" */;
			productName = SnapKit;
		};
/* End XCSwiftPackageProductDependency section */
	};
	rootObject = 6E1B01C12A0A3E60001C989D /* Project object */;
}
